
Microsoft Visual Studio Solution File, Format Version 12.00
# Visual Studio 15
VisualStudioVersion = 15.0.35319.79
MinimumVisualStudioVersion = 10.0.40219.1
Project("{FAE04EC0-301F-11D3-BF4B-00C04F79EFBC}") = "CAF Update Company and Group", "CAF Update Company and Group\CAF Update Company and Group.csproj", "{8A50479D-B96F-44D0-A0BD-B9AF47FDBBF4}"
EndProject
Global
	GlobalSection(SolutionConfigurationPlatforms) = preSolution
		Debug|Any CPU = Debug|Any CPU
		Release|Any CPU = Release|Any CPU
	EndGlobalSection
	GlobalSection(ProjectConfigurationPlatforms) = postSolution
		{8A50479D-B96F-44D0-A0BD-B9AF47FDBBF4}.Debug|Any CPU.ActiveCfg = Debug|Any CPU
		{8A50479D-B96F-44D0-A0BD-B9AF47FDBBF4}.Debug|Any CPU.Build.0 = Debug|Any CPU
		{8A50479D-B96F-44D0-A0BD-B9AF47FDBBF4}.Release|Any CPU.ActiveCfg = Release|Any CPU
		{8A50479D-B96F-44D0-A0BD-B9AF47FDBBF4}.Release|Any CPU.Build.0 = Release|Any CPU
	EndGlobalSection
	GlobalSection(SolutionProperties) = preSolution
		HideSolutionNode = FALSE
	EndGlobalSection
	GlobalSection(ExtensibilityGlobals) = postSolution
		SolutionGuid = {B61CD548-DEE9-45B4-9451-BC35587B14FE}
	EndGlobalSection
EndGlobal
